
Microsoft Visual Studio Solution File, Format Version 12.00
# Visual Studio Version 16
VisualStudioVersion = 16.0.29025.244
MinimumVisualStudioVersion = 10.0.40219.1
Project("{9A19103F-16F7-4668-BE54-9A1E7A4F7556}") = "Neoma", "Neoma\Neoma.csproj", "{EB87B83B-EC7D-4800-A355-5A5E306F1B2F}"
EndProject
Project("{9A19103F-16F7-4668-BE54-9A1E7A4F7556}") = "Neoma.RazorClassLib", "Neoma.RazorClassLib\Neoma.RazorClassLib.csproj", "{26DD969E-EB3A-4FA3-9D51-1EAD197FA538}"
EndProject
Global
	GlobalSection(SolutionConfigurationPlatforms) = preSolution
		Debug|Any CPU = Debug|Any CPU
		Release|Any CPU = Release|Any CPU
	EndGlobalSection
	GlobalSection(ProjectConfigurationPlatforms) = postSolution
		{EB87B83B-EC7D-4800-A355-5A5E306F1B2F}.Debug|Any CPU.ActiveCfg = Debug|Any CPU
		{EB87B83B-EC7D-4800-A355-5A5E306F1B2F}.Debug|Any CPU.Build.0 = Debug|Any CPU
		{EB87B83B-EC7D-4800-A355-5A5E306F1B2F}.Release|Any CPU.ActiveCfg = Release|Any CPU
		{EB87B83B-EC7D-4800-A355-5A5E306F1B2F}.Release|Any CPU.Build.0 = Release|Any CPU
		{26DD969E-EB3A-4FA3-9D51-1EAD197FA538}.Debug|Any CPU.ActiveCfg = Debug|Any CPU
		{26DD969E-EB3A-4FA3-9D51-1EAD197FA538}.Debug|Any CPU.Build.0 = Debug|Any CPU
		{26DD969E-EB3A-4FA3-9D51-1EAD197FA538}.Release|Any CPU.ActiveCfg = Release|Any CPU
		{26DD969E-EB3A-4FA3-9D51-1EAD197FA538}.Release|Any CPU.Build.0 = Release|Any CPU
	EndGlobalSection
	GlobalSection(SolutionProperties) = preSolution
		HideSolutionNode = FALSE
	EndGlobalSection
	GlobalSection(ExtensibilityGlobals) = postSolution
		SolutionGuid = {DF621F3A-2A36-4B33-A1AC-B415C7457C51}
	EndGlobalSection
EndGlobal
